<?xml version="1.0" encoding="utf-8"?>
<Project ToolsVersion="4.0" xmlns="http://schemas.microsoft.com/developer/msbuild/2003">
  <ItemGroup>
    <Filter Include="inc">
      <UniqueIdentifier>{096c4605-3053-4040-8f19-1e6fedb9568e}</UniqueIdentifier>
    </Filter>
    <Filter Include="src">
      <UniqueIdentifier>{3786c84c-e250-4a5c-b0a0-2a1d2c8979e3}</UniqueIdentifier>
    </Filter>
  </ItemGroup>
  <ItemGroup>
    <ClInclude Include="..\..\inc\tx_port.h">
      <Filter>inc</Filter>
    </ClInclude>
    <ClInclude Include="..\..\..\..\..\common\inc\tx_api.h">
      <Filter>inc</Filter>
    </ClInclude>
    <ClInclude Include="..\..\..\..\..\common\inc\tx_block_pool.h">
      <Filter>inc</Filter>
    </ClInclude>
    <ClInclude Include="..\..\..\..\..\common\inc\tx_byte_pool.h">
      <Filter>inc</Filter>
    </ClInclude>
    <ClInclude Include="..\..\..\..\..\common\inc\tx_event_flags.h">
      <Filter>inc</Filter>
    </ClInclude>
    <ClInclude Include="..\..\..\..\..\common\inc\tx_initialize.h">
      <Filter>inc</Filter>
    </ClInclude>
    <ClInclude Include="..\..\..\..\..\common\inc\tx_mutex.h">
      <Filter>inc</Filter>
    </ClInclude>
    <ClInclude Include="..\..\..\..\..\common\inc\tx_queue.h">
      <Filter>inc</Filter>
    </ClInclude>
    <ClInclude Include="..\..\..\..\..\common\inc\tx_semaphore.h">
      <Filter>inc</Filter>
    </ClInclude>
    <ClInclude Include="..\..\..\..\..\common\inc\tx_thread.h">
      <Filter>inc</Filter>
    </ClInclude>
    <ClInclude Include="..\..\..\..\..\common\inc\tx_timer.h">
      <Filter>inc</Filter>
    </ClInclude>
    <ClInclude Include="..\..\..\..\..\common\inc\tx_trace.h">
      <Filter>inc</Filter>
    </ClInclude>
    <ClInclude Include="..\..\..\..\..\common\inc\tx_user.h">
      <Filter>inc</Filter>
    </ClInclude>
  </ItemGroup>
  <ItemGroup>
    <ClCompile Include="..\..\src\tx_thread_context_restore.c">
      <Filter>src</Filter>
    </ClCompile>
    <ClCompile Include="..\..\src\tx_thread_context_save.c">
      <Filter>src</Filter>
    </ClCompile>
    <ClCompile Include="..\..\src\tx_thread_interrupt_control.c">
      <Filter>src</Filter>
    </ClCompile>
    <ClCompile Include="..\..\src\tx_thread_schedule.c">
      <Filter>src</Filter>
    </ClCompile>
    <ClCompile Include="..\..\src\tx_thread_stack_build.c">
      <Filter>src</Filter>
    </ClCompile>
    <ClCompile Include="..\..\src\tx_thread_system_return.c">
      <Filter>src</Filter>
    </ClCompile>
    <ClCompile Include="..\..\src\tx_timer_interrupt.c">
      <Filter>src</Filter>
    </ClCompile>
    <ClCompile Include="..\..\..\..\..\common\src\tx_block_allocate.c">
      <Filter>src</Filter>
    </ClCompile>
    <ClCompile Include="..\..\..\..\..\common\src\tx_block_pool_cleanup.c">
      <Filter>src</Filter>
    </ClCompile>
    <ClCompile Include="..\..\..\..\..\common\src\tx_block_pool_create.c">
      <Filter>src</Filter>
    </ClCompile>
    <ClCompile Include="..\..\..\..\..\common\src\tx_block_pool_delete.c">
      <Filter>src</Filter>
    </ClCompile>
    <ClCompile Include="..\..\..\..\..\common\src\tx_block_pool_info_get.c">
      <Filter>src</Filter>
    </ClCompile>
    <ClCompile Include="..\..\..\..\..\common\src\tx_block_pool_initialize.c">
      <Filter>src</Filter>
    </ClCompile>
    <ClCompile Include="..\..\..\..\..\common\src\tx_block_pool_performance_info_get.c">
      <Filter>src</Filter>
    </ClCompile>
    <ClCompile Include="..\..\..\..\..\common\src\tx_block_pool_performance_system_info_get.c">
      <Filter>src</Filter>
    </ClCompile>
    <ClCompile Include="..\..\..\..\..\common\src\tx_block_pool_prioritize.c">
      <Filter>src</Filter>
    </ClCompile>
    <ClCompile Include="..\..\..\..\..\common\src\tx_block_release.c">
      <Filter>src</Filter>
    </ClCompile>
    <ClCompile Include="..\..\..\..\..\common\src\tx_byte_allocate.c">
      <Filter>src</Filter>
    </ClCompile>
    <ClCompile Include="..\..\..\..\..\common\src\tx_byte_pool_cleanup.c">
      <Filter>src</Filter>
    </ClCompile>
    <ClCompile Include="..\..\..\..\..\common\src\tx_byte_pool_create.c">
      <Filter>src</Filter>
    </ClCompile>
    <ClCompile Include="..\..\..\..\..\common\src\tx_byte_pool_delete.c">
      <Filter>src</Filter>
    </ClCompile>
    <ClCompile Include="..\..\..\..\..\common\src\tx_byte_pool_info_get.c">
      <Filter>src</Filter>
    </ClCompile>
    <ClCompile Include="..\..\..\..\..\common\src\tx_byte_pool_initialize.c">
      <Filter>src</Filter>
    </ClCompile>
    <ClCompile Include="..\..\..\..\..\common\src\tx_byte_pool_performance_info_get.c">
      <Filter>src</Filter>
    </ClCompile>
    <ClCompile Include="..\..\..\..\..\common\src\tx_byte_pool_performance_system_info_get.c">
      <Filter>src</Filter>
    </ClCompile>
    <ClCompile Include="..\..\..\..\..\common\src\tx_byte_pool_prioritize.c">
      <Filter>src</Filter>
    </ClCompile>
    <ClCompile Include="..\..\..\..\..\common\src\tx_byte_pool_search.c">
      <Filter>src</Filter>
    </ClCompile>
    <ClCompile Include="..\..\..\..\..\common\src\tx_byte_release.c">
      <Filter>src</Filter>
    </ClCompile>
    <ClCompile Include="..\..\..\..\..\common\src\tx_event_flags_cleanup.c">
      <Filter>src</Filter>
    </ClCompile>
    <ClCompile Include="..\..\..\..\..\common\src\tx_event_flags_create.c">
      <Filter>src</Filter>
    </ClCompile>
    <ClCompile Include="..\..\..\..\..\common\src\tx_event_flags_delete.c">
      <Filter>src</Filter>
    </ClCompile>
    <ClCompile Include="..\..\..\..\..\common\src\tx_event_flags_get.c">
      <Filter>src</Filter>
    </ClCompile>
    <ClCompile Include="..\..\..\..\..\common\src\tx_event_flags_info_get.c">
      <Filter>src</Filter>
    </ClCompile>
    <ClCompile Include="..\..\..\..\..\common\src\tx_event_flags_initialize.c">
      <Filter>src</Filter>
    </ClCompile>
    <ClCompile Include="..\..\..\..\..\common\src\tx_event_flags_performance_info_get.c">
      <Filter>src</Filter>
    </ClCompile>
    <ClCompile Include="..\..\..\..\..\common\src\tx_event_flags_performance_system_info_get.c">
      <Filter>src</Filter>
    </ClCompile>
    <ClCompile Include="..\..\..\..\..\common\src\tx_event_flags_set.c">
      <Filter>src</Filter>
    </ClCompile>
    <ClCompile Include="..\..\..\..\..\common\src\tx_event_flags_set_notify.c">
      <Filter>src</Filter>
    </ClCompile>
    <ClCompile Include="..\..\..\..\..\common\src\tx_initialize_high_level.c">
      <Filter>src</Filter>
    </ClCompile>
    <ClCompile Include="..\..\..\..\..\common\src\tx_initialize_kernel_enter.c">
      <Filter>src</Filter>
    </ClCompile>
    <ClCompile Include="..\..\..\..\..\common\src\tx_initialize_kernel_setup.c">
      <Filter>src</Filter>
    </ClCompile>
    <ClCompile Include="..\..\..\..\..\common\src\tx_misra.c">
      <Filter>src</Filter>
    </ClCompile>
    <ClCompile Include="..\..\..\..\..\common\src\tx_mutex_cleanup.c">
      <Filter>src</Filter>
    </ClCompile>
    <ClCompile Include="..\..\..\..\..\common\src\tx_mutex_create.c">
      <Filter>src</Filter>
    </ClCompile>
    <ClCompile Include="..\..\..\..\..\common\src\tx_mutex_delete.c">
      <Filter>src</Filter>
    </ClCompile>
    <ClCompile Include="..\..\..\..\..\common\src\tx_mutex_get.c">
      <Filter>src</Filter>
    </ClCompile>
    <ClCompile Include="..\..\..\..\..\common\src\tx_mutex_info_get.c">
      <Filter>src</Filter>
    </ClCompile>
    <ClCompile Include="..\..\..\..\..\common\src\tx_mutex_initialize.c">
      <Filter>src</Filter>
    </ClCompile>
    <ClCompile Include="..\..\..\..\..\common\src\tx_mutex_performance_info_get.c">
      <Filter>src</Filter>
    </ClCompile>
    <ClCompile Include="..\..\..\..\..\common\src\tx_mutex_performance_system_info_get.c">
      <Filter>src</Filter>
    </ClCompile>
    <ClCompile Include="..\..\..\..\..\common\src\tx_mutex_prioritize.c">
      <Filter>src</Filter>
    </ClCompile>
    <ClCompile Include="..\..\..\..\..\common\src\tx_mutex_priority_change.c">
      <Filter>src</Filter>
    </ClCompile>
    <ClCompile Include="..\..\..\..\..\common\src\tx_mutex_put.c">
      <Filter>src</Filter>
    </ClCompile>
    <ClCompile Include="..\..\..\..\..\common\src\tx_queue_cleanup.c">
      <Filter>src</Filter>
    </ClCompile>
    <ClCompile Include="..\..\..\..\..\common\src\tx_queue_create.c">
      <Filter>src</Filter>
    </ClCompile>
    <ClCompile Include="..\..\..\..\..\common\src\tx_queue_delete.c">
      <Filter>src</Filter>
    </ClCompile>
    <ClCompile Include="..\..\..\..\..\common\src\tx_queue_flush.c">
      <Filter>src</Filter>
    </ClCompile>
    <ClCompile Include="..\..\..\..\..\common\src\tx_queue_front_send.c">
      <Filter>src</Filter>
    </ClCompile>
    <ClCompile Include="..\..\..\..\..\common\src\tx_queue_info_get.c">
      <Filter>src</Filter>
    </ClCompile>
    <ClCompile Include="..\..\..\..\..\common\src\tx_queue_initialize.c">
      <Filter>src</Filter>
    </ClCompile>
    <ClCompile Include="..\..\..\..\..\common\src\tx_queue_performance_info_get.c">
      <Filter>src</Filter>
    </ClCompile>
    <ClCompile Include="..\..\..\..\..\common\src\tx_queue_performance_system_info_get.c">
      <Filter>src</Filter>
    </ClCompile>
    <ClCompile Include="..\..\..\..\..\common\src\tx_queue_prioritize.c">
      <Filter>src</Filter>
    </ClCompile>
    <ClCompile Include="..\..\..\..\..\common\src\tx_queue_receive.c">
      <Filter>src</Filter>
    </ClCompile>
    <ClCompile Include="..\..\..\..\..\common\src\tx_queue_send.c">
      <Filter>src</Filter>
    </ClCompile>
    <ClCompile Include="..\..\..\..\..\common\src\tx_queue_send_notify.c">
      <Filter>src</Filter>
    </ClCompile>
    <ClCompile Include="..\..\..\..\..\common\src\tx_semaphore_ceiling_put.c">
      <Filter>src</Filter>
    </ClCompile>
    <ClCompile Include="..\..\..\..\..\common\src\tx_semaphore_cleanup.c">
      <Filter>src</Filter>
    </ClCompile>
    <ClCompile Include="..\..\..\..\..\common\src\tx_semaphore_create.c">
      <Filter>src</Filter>
    </ClCompile>
    <ClCompile Include="..\..\..\..\..\common\src\tx_semaphore_delete.c">
      <Filter>src</Filter>
    </ClCompile>
    <ClCompile Include="..\..\..\..\..\common\src\tx_semaphore_get.c">
      <Filter>src</Filter>
    </ClCompile>
    <ClCompile Include="..\..\..\..\..\common\src\tx_semaphore_info_get.c">
      <Filter>src</Filter>
    </ClCompile>
    <ClCompile Include="..\..\..\..\..\common\src\tx_semaphore_initialize.c">
      <Filter>src</Filter>
    </ClCompile>
    <ClCompile Include="..\..\..\..\..\common\src\tx_semaphore_performance_info_get.c">
      <Filter>src</Filter>
    </ClCompile>
    <ClCompile Include="..\..\..\..\..\common\src\tx_semaphore_performance_system_info_get.c">
      <Filter>src</Filter>
    </ClCompile>
    <ClCompile Include="..\..\..\..\..\common\src\tx_semaphore_prioritize.c">
      <Filter>src</Filter>
    </ClCompile>
    <ClCompile Include="..\..\..\..\..\common\src\tx_semaphore_put.c">
      <Filter>src</Filter>
    </ClCompile>
    <ClCompile Include="..\..\..\..\..\common\src\tx_semaphore_put_notify.c">
      <Filter>src</Filter>
    </ClCompile>
    <ClCompile Include="..\..\..\..\..\common\src\tx_thread_create.c">
      <Filter>src</Filter>
    </ClCompile>
    <ClCompile Include="..\..\..\..\..\common\src\tx_thread_delete.c">
      <Filter>src</Filter>
    </ClCompile>
    <ClCompile Include="..\..\..\..\..\common\src\tx_thread_entry_exit_notify.c">
      <Filter>src</Filter>
    </ClCompile>
    <ClCompile Include="..\..\..\..\..\common\src\tx_thread_identify.c">
      <Filter>src</Filter>
    </ClCompile>
    <ClCompile Include="..\..\..\..\..\common\src\tx_thread_info_get.c">
      <Filter>src</Filter>
    </ClCompile>
    <ClCompile Include="..\..\..\..\..\common\src\tx_thread_initialize.c">
      <Filter>src</Filter>
    </ClCompile>
    <ClCompile Include="..\..\..\..\..\common\src\tx_thread_performance_info_get.c">
      <Filter>src</Filter>
    </ClCompile>
    <ClCompile Include="..\..\..\..\..\common\src\tx_thread_performance_system_info_get.c">
      <Filter>src</Filter>
    </ClCompile>
    <ClCompile Include="..\..\..\..\..\common\src\tx_thread_preemption_change.c">
      <Filter>src</Filter>
    </ClCompile>
    <ClCompile Include="..\..\..\..\..\common\src\tx_thread_priority_change.c">
      <Filter>src</Filter>
    </ClCompile>
    <ClCompile Include="..\..\..\..\..\common\src\tx_thread_relinquish.c">
      <Filter>src</Filter>
    </ClCompile>
    <ClCompile Include="..\..\..\..\..\common\src\tx_thread_reset.c">
      <Filter>src</Filter>
    </ClCompile>
    <ClCompile Include="..\..\..\..\..\common\src\tx_thread_resume.c">
      <Filter>src</Filter>
    </ClCompile>
    <ClCompile Include="..\..\..\..\..\common\src\tx_thread_shell_entry.c">
      <Filter>src</Filter>
    </ClCompile>
    <ClCompile Include="..\..\..\..\..\common\src\tx_thread_sleep.c">
      <Filter>src</Filter>
    </ClCompile>
    <ClCompile Include="..\..\..\..\..\common\src\tx_thread_stack_analyze.c">
      <Filter>src</Filter>
    </ClCompile>
    <ClCompile Include="..\..\..\..\..\common\src\tx_thread_stack_error_handler.c">
      <Filter>src</Filter>
    </ClCompile>
    <ClCompile Include="..\..\..\..\..\common\src\tx_thread_stack_error_notify.c">
      <Filter>src</Filter>
    </ClCompile>
    <ClCompile Include="..\..\..\..\..\common\src\tx_thread_suspend.c">
      <Filter>src</Filter>
    </ClCompile>
    <ClCompile Include="..\..\..\..\..\common\src\tx_thread_system_preempt_check.c">
      <Filter>src</Filter>
    </ClCompile>
    <ClCompile Include="..\..\..\..\..\common\src\tx_thread_system_resume.c">
      <Filter>src</Filter>
    </ClCompile>
    <ClCompile Include="..\..\..\..\..\common\src\tx_thread_system_suspend.c">
      <Filter>src</Filter>
    </ClCompile>
    <ClCompile Include="..\..\..\..\..\common\src\tx_thread_terminate.c">
      <Filter>src</Filter>
    </ClCompile>
    <ClCompile Include="..\..\..\..\..\common\src\tx_thread_time_slice.c">
      <Filter>src</Filter>
    </ClCompile>
    <ClCompile Include="..\..\..\..\..\common\src\tx_thread_time_slice_change.c">
      <Filter>src</Filter>
    </ClCompile>
    <ClCompile Include="..\..\..\..\..\common\src\tx_thread_timeout.c">
      <Filter>src</Filter>
    </ClCompile>
    <ClCompile Include="..\..\..\..\..\common\src\tx_thread_wait_abort.c">
      <Filter>src</Filter>
    </ClCompile>
    <ClCompile Include="..\..\..\..\..\common\src\tx_time_get.c">
      <Filter>src</Filter>
    </ClCompile>
    <ClCompile Include="..\..\..\..\..\common\src\tx_time_set.c">
      <Filter>src</Filter>
    </ClCompile>
    <ClCompile Include="..\..\..\..\..\common\src\tx_timer_activate.c">
      <Filter>src</Filter>
    </ClCompile>
    <ClCompile Include="..\..\..\..\..\common\src\tx_timer_change.c">
      <Filter>src</Filter>
    </ClCompile>
    <ClCompile Include="..\..\..\..\..\common\src\tx_timer_create.c">
      <Filter>src</Filter>
    </ClCompile>
    <ClCompile Include="..\..\..\..\..\common\src\tx_timer_deactivate.c">
      <Filter>src</Filter>
    </ClCompile>
    <ClCompile Include="..\..\..\..\..\common\src\tx_timer_delete.c">
      <Filter>src</Filter>
    </ClCompile>
    <ClCompile Include="..\..\..\..\..\common\src\tx_timer_expiration_process.c">
      <Filter>src</Filter>
    </ClCompile>
    <ClCompile Include="..\..\..\..\..\common\src\tx_timer_info_get.c">
      <Filter>src</Filter>
    </ClCompile>
    <ClCompile Include="..\..\..\..\..\common\src\tx_timer_initialize.c">
      <Filter>src</Filter>
    </ClCompile>
    <ClCompile Include="..\..\..\..\..\common\src\tx_timer_performance_info_get.c">
      <Filter>src</Filter>
    </ClCompile>
    <ClCompile Include="..\..\..\..\..\common\src\tx_timer_performance_system_info_get.c">
      <Filter>src</Filter>
    </ClCompile>
    <ClCompile Include="..\..\..\..\..\common\src\tx_timer_system_activate.c">
      <Filter>src</Filter>
    </ClCompile>
    <ClCompile Include="..\..\..\..\..\common\src\tx_timer_system_deactivate.c">
      <Filter>src</Filter>
    </ClCompile>
    <ClCompile Include="..\..\..\..\..\common\src\tx_timer_thread_entry.c">
      <Filter>src</Filter>
    </ClCompile>
    <ClCompile Include="..\..\..\..\..\common\src\tx_trace_buffer_full_notify.c">
      <Filter>src</Filter>
    </ClCompile>
    <ClCompile Include="..\..\..\..\..\common\src\tx_trace_disable.c">
      <Filter>src</Filter>
    </ClCompile>
    <ClCompile Include="..\..\..\..\..\common\src\tx_trace_enable.c">
      <Filter>src</Filter>
    </ClCompile>
    <ClCompile Include="..\..\..\..\..\common\src\tx_trace_event_filter.c">
      <Filter>src</Filter>
    </ClCompile>
    <ClCompile Include="..\..\..\..\..\common\src\tx_trace_event_unfilter.c">
      <Filter>src</Filter>
    </ClCompile>
    <ClCompile Include="..\..\..\..\..\common\src\tx_trace_initialize.c">
      <Filter>src</Filter>
    </ClCompile>
    <ClCompile Include="..\..\..\..\..\common\src\tx_trace_interrupt_control.c">
      <Filter>src</Filter>
    </ClCompile>
    <ClCompile Include="..\..\..\..\..\common\src\tx_trace_isr_enter_insert.c">
      <Filter>src</Filter>
    </ClCompile>
    <ClCompile Include="..\..\..\..\..\common\src\tx_trace_isr_exit_insert.c">
      <Filter>src</Filter>
    </ClCompile>
    <ClCompile Include="..\..\..\..\..\common\src\tx_trace_object_register.c">
      <Filter>src</Filter>
    </ClCompile>
    <ClCompile Include="..\..\..\..\..\common\src\tx_trace_object_unregister.c">
      <Filter>src</Filter>
    </ClCompile>
    <ClCompile Include="..\..\..\..\..\common\src\tx_trace_user_event_insert.c">
      <Filter>src</Filter>
    </ClCompile>
    <ClCompile Include="..\..\..\..\..\common\src\txe_block_allocate.c">
      <Filter>src</Filter>
    </ClCompile>
    <ClCompile Include="..\..\..\..\..\common\src\txe_block_pool_create.c">
      <Filter>src</Filter>
    </ClCompile>
    <ClCompile Include="..\..\..\..\..\common\src\txe_block_pool_delete.c">
      <Filter>src</Filter>
    </ClCompile>
    <ClCompile Include="..\..\..\..\..\common\src\txe_block_pool_info_get.c">
      <Filter>src</Filter>
    </ClCompile>
    <ClCompile Include="..\..\..\..\..\common\src\txe_block_pool_prioritize.c">
      <Filter>src</Filter>
    </ClCompile>
    <ClCompile Include="..\..\..\..\..\common\src\txe_block_release.c">
      <Filter>src</Filter>
    </ClCompile>
    <ClCompile Include="..\..\..\..\..\common\src\txe_byte_allocate.c">
      <Filter>src</Filter>
    </ClCompile>
    <ClCompile Include="..\..\..\..\..\common\src\txe_byte_pool_create.c">
      <Filter>src</Filter>
    </ClCompile>
    <ClCompile Include="..\..\..\..\..\common\src\txe_byte_pool_delete.c">
      <Filter>src</Filter>
    </ClCompile>
    <ClCompile Include="..\..\..\..\..\common\src\txe_byte_pool_info_get.c">
      <Filter>src</Filter>
    </ClCompile>
    <ClCompile Include="..\..\..\..\..\common\src\txe_byte_pool_prioritize.c">
      <Filter>src</Filter>
    </ClCompile>
    <ClCompile Include="..\..\..\..\..\common\src\txe_byte_release.c">
      <Filter>src</Filter>
    </ClCompile>
    <ClCompile Include="..\..\..\..\..\common\src\txe_event_flags_create.c">
      <Filter>src</Filter>
    </ClCompile>
    <ClCompile Include="..\..\..\..\..\common\src\txe_event_flags_delete.c">
      <Filter>src</Filter>
    </ClCompile>
    <ClCompile Include="..\..\..\..\..\common\src\txe_event_flags_get.c">
      <Filter>src</Filter>
    </ClCompile>
    <ClCompile Include="..\..\..\..\..\common\src\txe_event_flags_info_get.c">
      <Filter>src</Filter>
    </ClCompile>
    <ClCompile Include="..\..\..\..\..\common\src\txe_event_flags_set.c">
      <Filter>src</Filter>
    </ClCompile>
    <ClCompile Include="..\..\..\..\..\common\src\txe_event_flags_set_notify.c">
      <Filter>src</Filter>
    </ClCompile>
    <ClCompile Include="..\..\..\..\..\common\src\txe_mutex_create.c">
      <Filter>src</Filter>
    </ClCompile>
    <ClCompile Include="..\..\..\..\..\common\src\txe_mutex_delete.c">
      <Filter>src</Filter>
    </ClCompile>
    <ClCompile Include="..\..\..\..\..\common\src\txe_mutex_get.c">
      <Filter>src</Filter>
    </ClCompile>
    <ClCompile Include="..\..\..\..\..\common\src\txe_mutex_info_get.c">
      <Filter>src</Filter>
    </ClCompile>
    <ClCompile Include="..\..\..\..\..\common\src\txe_mutex_prioritize.c">
      <Filter>src</Filter>
    </ClCompile>
    <ClCompile Include="..\..\..\..\..\common\src\txe_mutex_put.c">
      <Filter>src</Filter>
    </ClCompile>
    <ClCompile Include="..\..\..\..\..\common\src\txe_queue_create.c">
      <Filter>src</Filter>
    </ClCompile>
    <ClCompile Include="..\..\..\..\..\common\src\txe_queue_delete.c">
      <Filter>src</Filter>
    </ClCompile>
    <ClCompile Include="..\..\..\..\..\common\src\txe_queue_flush.c">
      <Filter>src</Filter>
    </ClCompile>
    <ClCompile Include="..\..\..\..\..\common\src\txe_queue_front_send.c">
      <Filter>src</Filter>
    </ClCompile>
    <ClCompile Include="..\..\..\..\..\common\src\txe_queue_info_get.c">
      <Filter>src</Filter>
    </ClCompile>
    <ClCompile Include="..\..\..\..\..\common\src\txe_queue_prioritize.c">
      <Filter>src</Filter>
    </ClCompile>
    <ClCompile Include="..\..\..\..\..\common\src\txe_queue_receive.c">
      <Filter>src</Filter>
    </ClCompile>
    <ClCompile Include="..\..\..\..\..\common\src\txe_queue_send.c">
      <Filter>src</Filter>
    </ClCompile>
    <ClCompile Include="..\..\..\..\..\common\src\txe_queue_send_notify.c">
      <Filter>src</Filter>
    </ClCompile>
    <ClCompile Include="..\..\..\..\..\common\src\txe_semaphore_ceiling_put.c">
      <Filter>src</Filter>
    </ClCompile>
    <ClCompile Include="..\..\..\..\..\common\src\txe_semaphore_create.c">
      <Filter>src</Filter>
    </ClCompile>
    <ClCompile Include="..\..\..\..\..\common\src\txe_semaphore_delete.c">
      <Filter>src</Filter>
    </ClCompile>
    <ClCompile Include="..\..\..\..\..\common\src\txe_semaphore_get.c">
      <Filter>src</Filter>
    </ClCompile>
    <ClCompile Include="..\..\..\..\..\common\src\txe_semaphore_info_get.c">
      <Filter>src</Filter>
    </ClCompile>
    <ClCompile Include="..\..\..\..\..\common\src\txe_semaphore_prioritize.c">
      <Filter>src</Filter>
    </ClCompile>
    <ClCompile Include="..\..\..\..\..\common\src\txe_semaphore_put.c">
      <Filter>src</Filter>
    </ClCompile>
    <ClCompile Include="..\..\..\..\..\common\src\txe_semaphore_put_notify.c">
      <Filter>src</Filter>
    </ClCompile>
    <ClCompile Include="..\..\..\..\..\common\src\txe_thread_create.c">
      <Filter>src</Filter>
    </ClCompile>
    <ClCompile Include="..\..\..\..\..\common\src\txe_thread_delete.c">
      <Filter>src</Filter>
    </ClCompile>
    <ClCompile Include="..\..\..\..\..\common\src\txe_thread_entry_exit_notify.c">
      <Filter>src</Filter>
    </ClCompile>
    <ClCompile Include="..\..\..\..\..\common\src\txe_thread_info_get.c">
      <Filter>src</Filter>
    </ClCompile>
    <ClCompile Include="..\..\..\..\..\common\src\txe_thread_preemption_change.c">
      <Filter>src</Filter>
    </ClCompile>
    <ClCompile Include="..\..\..\..\..\common\src\txe_thread_priority_change.c">
      <Filter>src</Filter>
    </ClCompile>
    <ClCompile Include="..\..\..\..\..\common\src\txe_thread_relinquish.c">
      <Filter>src</Filter>
    </ClCompile>
    <ClCompile Include="..\..\..\..\..\common\src\txe_thread_reset.c">
      <Filter>src</Filter>
    </ClCompile>
    <ClCompile Include="..\..\..\..\..\common\src\txe_thread_resume.c">
      <Filter>src</Filter>
    </ClCompile>
    <ClCompile Include="..\..\..\..\..\common\src\txe_thread_suspend.c">
      <Filter>src</Filter>
    </ClCompile>
    <ClCompile Include="..\..\..\..\..\common\src\txe_thread_terminate.c">
      <Filter>src</Filter>
    </ClCompile>
    <ClCompile Include="..\..\..\..\..\common\src\txe_thread_time_slice_change.c">
      <Filter>src</Filter>
    </ClCompile>
    <ClCompile Include="..\..\..\..\..\common\src\txe_thread_wait_abort.c">
      <Filter>src</Filter>
    </ClCompile>
    <ClCompile Include="..\..\..\..\..\common\src\txe_timer_activate.c">
      <Filter>src</Filter>
    </ClCompile>
    <ClCompile Include="..\..\..\..\..\common\src\txe_timer_change.c">
      <Filter>src</Filter>
    </ClCompile>
    <ClCompile Include="..\..\..\..\..\common\src\txe_timer_create.c">
      <Filter>src</Filter>
    </ClCompile>
    <ClCompile Include="..\..\..\..\..\common\src\txe_timer_deactivate.c">
      <Filter>src</Filter>
    </ClCompile>
    <ClCompile Include="..\..\..\..\..\common\src\txe_timer_delete.c">
      <Filter>src</Filter>
    </ClCompile>
    <ClCompile Include="..\..\..\..\..\common\src\txe_timer_info_get.c">
      <Filter>src</Filter>
    </ClCompile>
    <ClCompile Include="..\..\src\tx_initialize_low_level.c">
      <Filter>src</Filter>
    </ClCompile>
  </ItemGroup>
</Project>